
Microsoft Visual Studio Solution File, Format Version 11.00
# Visual Studio 2010
Project("{FAE04EC0-301F-11D3-BF4B-00C04F79EFBC}") = "Common", "Common.csproj", "{30B9168D-CF08-460A-8DB2-1FBD75977F4B}"
EndProject
Global
	GlobalSection(SolutionConfigurationPlatforms) = preSolution
		Debug|Any CPU = Debug|Any CPU
		Release|Any CPU = Release|Any CPU
		UNITY_ANDROID|Any CPU = UNITY_ANDROID|Any CPU
	EndGlobalSection
	GlobalSection(ProjectConfigurationPlatforms) = postSolution
		{30B9168D-CF08-460A-8DB2-1FBD75977F4B}.Debug|Any CPU.ActiveCfg = Debug|Any CPU
		{30B9168D-CF08-460A-8DB2-1FBD75977F4B}.Debug|Any CPU.Build.0 = Debug|Any CPU
		{30B9168D-CF08-460A-8DB2-1FBD75977F4B}.Release|Any CPU.ActiveCfg = Release|Any CPU
		{30B9168D-CF08-460A-8DB2-1FBD75977F4B}.Release|Any CPU.Build.0 = Release|Any CPU
		{30B9168D-CF08-460A-8DB2-1FBD75977F4B}.UNITY_ANDROID|Any CPU.ActiveCfg = UNITY_ANDROID|Any CPU
		{30B9168D-CF08-460A-8DB2-1FBD75977F4B}.UNITY_ANDROID|Any CPU.Build.0 = UNITY_ANDROID|Any CPU
	EndGlobalSection
EndGlobal
